{
  "nodes": {
    "adios": {
      "locked": {
        "lastModified": 1788143893,
        "narHash": "sha256-nX8TYhQIk6UJZjaGH48+kEkAHFBZQkwKZKuyvWaB41g=",
        "owner": "llakala",
        "repo": "lladios",
        "rev": "31034490bd414b75231f2368b7424fe3b1663874",
        "type": "github"
      },
      "original": {
        "owner": "llakala",
        "repo": "lladios",
        "type": "github"
      }
    },
    "root": {
      "inputs": {
        "adios": "adios"
      }
    }
  },
  "root": "root",
  "version": 7
}
