{
  "nodes": {
    "adios": {
      "locked": {
        "lastModified": 1786595437,
        "narHash": "sha256-Kal9nY+uya5xsU1gGZkUQlQrX3BKWTbBGl9BcjoH29s=",
        "owner": "llakala",
        "repo": "lladios",
        "rev": "816487bcca946ae584970065ee3fc3f9849e5e6f",
        "type": "github"
      },
      "original": {
        "owner": "llakala",
        "repo": "lladios",
        "type": "github"
      }
    },
    "root": {
      "inputs": {
        "adios": "adios"
      }
    }
  },
  "root": "root",
  "version": 7
}
